
Microsoft Visual Studio Solution File, Format Version 12.00
# Visual Studio 14
VisualStudioVersion = 14.0.25420.1
MinimumVisualStudioVersion = 10.0.40219.1
Project("{FAE04EC0-301F-11D3-BF4B-00C04F79EFBC}") = "Blog", "Blog\Blog.csproj", "{FB582C1B-B082-48E0-AC56-038AE4442186}"
EndProject
Project("{FAE04EC0-301F-11D3-BF4B-00C04F79EFBC}") = "WebComicManager", "WebComicManager\WebComicManager.csproj", "{008AC9CF-F04D-43EF-8F10-07A25DE4721F}"
	ProjectSection(ProjectDependencies) = postProject
		{F05C20DC-0F57-461D-A4D3-51BD320736CB} = {F05C20DC-0F57-461D-A4D3-51BD320736CB}
	EndProjectSection
EndProject
Project("{E24C65DC-7377-472B-9ABA-BC803B73C61A}") = "WebComicData", "..\..\WebSites\WebComicData\", "{F05C20DC-0F57-461D-A4D3-51BD320736CB}"
	ProjectSection(WebsiteProperties) = preProject
		TargetFrameworkMoniker = ".NETFramework,Version%3Dv3.5"
		ProjectReferences = "{fb582c1b-b082-48e0-ac56-038ae4442186}|Blog.dll;"
		Debug.AspNetCompiler.VirtualPath = "/localhost_11414"
		Debug.AspNetCompiler.PhysicalPath = "..\..\WebSites\WebComicData\"
		Debug.AspNetCompiler.TargetPath = "PrecompiledWeb\localhost_11414\"
		Debug.AspNetCompiler.Updateable = "true"
		Debug.AspNetCompiler.ForceOverwrite = "true"
		Debug.AspNetCompiler.FixedNames = "false"
		Debug.AspNetCompiler.Debug = "True"
		Release.AspNetCompiler.VirtualPath = "/localhost_11414"
		Release.AspNetCompiler.PhysicalPath = "..\..\WebSites\WebComicData\"
		Release.AspNetCompiler.TargetPath = "PrecompiledWeb\localhost_11414\"
		Release.AspNetCompiler.Updateable = "true"
		Release.AspNetCompiler.ForceOverwrite = "true"
		Release.AspNetCompiler.FixedNames = "false"
		Release.AspNetCompiler.Debug = "False"
		VWDPort = "11414"
		SlnRelativePath = "..\..\WebSites\WebComicData\"
		DefaultWebSiteLanguage = "Visual C#"
	EndProjectSection
EndProject
Global
	GlobalSection(SolutionConfigurationPlatforms) = preSolution
		Debug|Any CPU = Debug|Any CPU
		Release|Any CPU = Release|Any CPU
	EndGlobalSection
	GlobalSection(ProjectConfigurationPlatforms) = postSolution
		{FB582C1B-B082-48E0-AC56-038AE4442186}.Debug|Any CPU.ActiveCfg = Debug|Any CPU
		{FB582C1B-B082-48E0-AC56-038AE4442186}.Debug|Any CPU.Build.0 = Debug|Any CPU
		{FB582C1B-B082-48E0-AC56-038AE4442186}.Release|Any CPU.ActiveCfg = Release|Any CPU
		{FB582C1B-B082-48E0-AC56-038AE4442186}.Release|Any CPU.Build.0 = Release|Any CPU
		{008AC9CF-F04D-43EF-8F10-07A25DE4721F}.Debug|Any CPU.ActiveCfg = Debug|Any CPU
		{008AC9CF-F04D-43EF-8F10-07A25DE4721F}.Debug|Any CPU.Build.0 = Debug|Any CPU
		{008AC9CF-F04D-43EF-8F10-07A25DE4721F}.Release|Any CPU.ActiveCfg = Release|Any CPU
		{008AC9CF-F04D-43EF-8F10-07A25DE4721F}.Release|Any CPU.Build.0 = Release|Any CPU
		{F05C20DC-0F57-461D-A4D3-51BD320736CB}.Debug|Any CPU.ActiveCfg = Debug|Any CPU
		{F05C20DC-0F57-461D-A4D3-51BD320736CB}.Debug|Any CPU.Build.0 = Debug|Any CPU
		{F05C20DC-0F57-461D-A4D3-51BD320736CB}.Release|Any CPU.ActiveCfg = Debug|Any CPU
		{F05C20DC-0F57-461D-A4D3-51BD320736CB}.Release|Any CPU.Build.0 = Debug|Any CPU
	EndGlobalSection
	GlobalSection(SolutionProperties) = preSolution
		HideSolutionNode = FALSE
	EndGlobalSection
EndGlobal
